
Microsoft Visual Studio Solution File, Format Version 12.00
# Visual Studio Version 17
VisualStudioVersion = 17.6.33723.286
MinimumVisualStudioVersion = 10.0.40219.1
Project("{FAE04EC0-301F-11D3-BF4B-00C04F79EFBC}") = "ManipulandoListas", "ManipulandoListas\ManipulandoListas.csproj", "{8294F7ED-4560-409F-954E-1C329E51A61F}"
EndProject
Global
	GlobalSection(SolutionConfigurationPlatforms) = preSolution
		Debug|Any CPU = Debug|Any CPU
		Release|Any CPU = Release|Any CPU
	EndGlobalSection
	GlobalSection(ProjectConfigurationPlatforms) = postSolution
		{8294F7ED-4560-409F-954E-1C329E51A61F}.Debug|Any CPU.ActiveCfg = Debug|Any CPU
		{8294F7ED-4560-409F-954E-1C329E51A61F}.Debug|Any CPU.Build.0 = Debug|Any CPU
		{8294F7ED-4560-409F-954E-1C329E51A61F}.Release|Any CPU.ActiveCfg = Release|Any CPU
		{8294F7ED-4560-409F-954E-1C329E51A61F}.Release|Any CPU.Build.0 = Release|Any CPU
	EndGlobalSection
	GlobalSection(SolutionProperties) = preSolution
		HideSolutionNode = FALSE
	EndGlobalSection
	GlobalSection(ExtensibilityGlobals) = postSolution
		SolutionGuid = {F2954F59-99DC-4799-BBB2-8A0E683CC553}
	EndGlobalSection
EndGlobal
